
Microsoft Visual Studio Solution File, Format Version 12.00
# Visual Studio 2013
VisualStudioVersion = 12.0.40629.0
MinimumVisualStudioVersion = 10.0.40219.1
Project("{FAE04EC0-301F-11D3-BF4B-00C04F79EFBC}") = "Sandbox", "Sandbox\Sandbox.csproj", "{E106DE8F-17D3-400C-BED8-DEC2C4582D55}"
EndProject
Project("{FAE04EC0-301F-11D3-BF4B-00C04F79EFBC}") = "SandboxWPF", "SandboxWPF\SandboxWPF.csproj", "{AE48C8A3-5A5C-40C0-B6DB-27FCADA97D5C}"
EndProject
Global
	GlobalSection(SubversionScc) = preSolution
		Svn-Managed = True
		Manager = AnkhSVN - Subversion Support for Visual Studio
	EndGlobalSection
	GlobalSection(SolutionConfigurationPlatforms) = preSolution
		Debug|Any CPU = Debug|Any CPU
		Release|Any CPU = Release|Any CPU
	EndGlobalSection
	GlobalSection(ProjectConfigurationPlatforms) = postSolution
		{E106DE8F-17D3-400C-BED8-DEC2C4582D55}.Debug|Any CPU.ActiveCfg = Debug|Any CPU
		{E106DE8F-17D3-400C-BED8-DEC2C4582D55}.Debug|Any CPU.Build.0 = Debug|Any CPU
		{E106DE8F-17D3-400C-BED8-DEC2C4582D55}.Release|Any CPU.ActiveCfg = Release|Any CPU
		{E106DE8F-17D3-400C-BED8-DEC2C4582D55}.Release|Any CPU.Build.0 = Release|Any CPU
		{AE48C8A3-5A5C-40C0-B6DB-27FCADA97D5C}.Debug|Any CPU.ActiveCfg = Debug|Any CPU
		{AE48C8A3-5A5C-40C0-B6DB-27FCADA97D5C}.Debug|Any CPU.Build.0 = Debug|Any CPU
		{AE48C8A3-5A5C-40C0-B6DB-27FCADA97D5C}.Release|Any CPU.ActiveCfg = Release|Any CPU
		{AE48C8A3-5A5C-40C0-B6DB-27FCADA97D5C}.Release|Any CPU.Build.0 = Release|Any CPU
	EndGlobalSection
	GlobalSection(SolutionProperties) = preSolution
		HideSolutionNode = FALSE
	EndGlobalSection
EndGlobal
